
Microsoft Visual Studio Solution File, Format Version 12.00
# Visual Studio 2012
Project("{FAE04EC0-301F-11D3-BF4B-00C04F79EFBC}") = "Me_has_visto", "Me_has_visto\Me_has_visto.csproj", "{7AF39CD9-F0B2-41ED-BCDF-333E56D05EB8}"
EndProject
Project("{FAE04EC0-301F-11D3-BF4B-00C04F79EFBC}") = "Me_has_visto.Tests", "Me_has_visto.Tests\Me_has_visto.Tests.csproj", "{91EE63EE-08C8-48E0-B9F9-12D6F5935B05}"
EndProject
Global
	GlobalSection(SolutionConfigurationPlatforms) = preSolution
		Debug|Any CPU = Debug|Any CPU
		Release|Any CPU = Release|Any CPU
	EndGlobalSection
	GlobalSection(ProjectConfigurationPlatforms) = postSolution
		{7AF39CD9-F0B2-41ED-BCDF-333E56D05EB8}.Debug|Any CPU.ActiveCfg = Debug|Any CPU
		{7AF39CD9-F0B2-41ED-BCDF-333E56D05EB8}.Debug|Any CPU.Build.0 = Debug|Any CPU
		{7AF39CD9-F0B2-41ED-BCDF-333E56D05EB8}.Release|Any CPU.ActiveCfg = Release|Any CPU
		{7AF39CD9-F0B2-41ED-BCDF-333E56D05EB8}.Release|Any CPU.Build.0 = Release|Any CPU
		{91EE63EE-08C8-48E0-B9F9-12D6F5935B05}.Debug|Any CPU.ActiveCfg = Debug|Any CPU
		{91EE63EE-08C8-48E0-B9F9-12D6F5935B05}.Debug|Any CPU.Build.0 = Debug|Any CPU
		{91EE63EE-08C8-48E0-B9F9-12D6F5935B05}.Release|Any CPU.ActiveCfg = Release|Any CPU
		{91EE63EE-08C8-48E0-B9F9-12D6F5935B05}.Release|Any CPU.Build.0 = Release|Any CPU
	EndGlobalSection
	GlobalSection(SolutionProperties) = preSolution
		HideSolutionNode = FALSE
	EndGlobalSection
EndGlobal
